
Microsoft Visual Studio Solution File, Format Version 12.00
# Visual Studio 15
VisualStudioVersion = 15.0.27130.2036
MinimumVisualStudioVersion = 10.0.40219.1
Project("{FAE04EC0-301F-11D3-BF4B-00C04F79EFBC}") = "DokumanSiniflandirma", "DokumanSiniflandirma\DokumanSiniflandirma.csproj", "{7C30C064-A5D2-413A-ADA2-8A0C9F2EC268}"
EndProject
Global
	GlobalSection(SolutionConfigurationPlatforms) = preSolution
		Debug|Any CPU = Debug|Any CPU
		Release|Any CPU = Release|Any CPU
	EndGlobalSection
	GlobalSection(ProjectConfigurationPlatforms) = postSolution
		{7C30C064-A5D2-413A-ADA2-8A0C9F2EC268}.Debug|Any CPU.ActiveCfg = Debug|Any CPU
		{7C30C064-A5D2-413A-ADA2-8A0C9F2EC268}.Debug|Any CPU.Build.0 = Debug|Any CPU
		{7C30C064-A5D2-413A-ADA2-8A0C9F2EC268}.Release|Any CPU.ActiveCfg = Release|Any CPU
		{7C30C064-A5D2-413A-ADA2-8A0C9F2EC268}.Release|Any CPU.Build.0 = Release|Any CPU
	EndGlobalSection
	GlobalSection(SolutionProperties) = preSolution
		HideSolutionNode = FALSE
	EndGlobalSection
	GlobalSection(ExtensibilityGlobals) = postSolution
		SolutionGuid = {C22CE27E-2875-4FA0-B92C-55327E457F34}
	EndGlobalSection
EndGlobal
